
Microsoft Visual Studio Solution File, Format Version 12.00
# Visual Studio Version 17
VisualStudioVersion = 17.4.33213.308
MinimumVisualStudioVersion = 10.0.40219.1
Project("{9A19103F-16F7-4668-BE54-9A1E7A4F7556}") = "MqttProject", "MqttProject\MqttProject.csproj", "{FC725191-4D89-43DE-BB8D-550650C53A94}"
EndProject
Project("{9A19103F-16F7-4668-BE54-9A1E7A4F7556}") = "Noven.IOTClient", "Noven.IOTClient\Noven.IOTClient.csproj", "{324C0049-1EC9-4BFE-9F14-81F412A3539D}"
EndProject
Global
	GlobalSection(SolutionConfigurationPlatforms) = preSolution
		Debug|Any CPU = Debug|Any CPU
		Release|Any CPU = Release|Any CPU
	EndGlobalSection
	GlobalSection(ProjectConfigurationPlatforms) = postSolution
		{FC725191-4D89-43DE-BB8D-550650C53A94}.Debug|Any CPU.ActiveCfg = Debug|Any CPU
		{FC725191-4D89-43DE-BB8D-550650C53A94}.Debug|Any CPU.Build.0 = Debug|Any CPU
		{FC725191-4D89-43DE-BB8D-550650C53A94}.Release|Any CPU.ActiveCfg = Release|Any CPU
		{FC725191-4D89-43DE-BB8D-550650C53A94}.Release|Any CPU.Build.0 = Release|Any CPU
		{324C0049-1EC9-4BFE-9F14-81F412A3539D}.Debug|Any CPU.ActiveCfg = Debug|Any CPU
		{324C0049-1EC9-4BFE-9F14-81F412A3539D}.Debug|Any CPU.Build.0 = Debug|Any CPU
		{324C0049-1EC9-4BFE-9F14-81F412A3539D}.Release|Any CPU.ActiveCfg = Release|Any CPU
		{324C0049-1EC9-4BFE-9F14-81F412A3539D}.Release|Any CPU.Build.0 = Release|Any CPU
	EndGlobalSection
	GlobalSection(SolutionProperties) = preSolution
		HideSolutionNode = FALSE
	EndGlobalSection
	GlobalSection(ExtensibilityGlobals) = postSolution
		SolutionGuid = {DEB28DC1-5C83-4E34-AD7C-69059DC1D4EE}
	EndGlobalSection
EndGlobal
